// !$*UTF8*$!
{
	archiveVersion = 1;
	classes = {
	};
	objectVersion = 55;
	objects = {

/* Begin PBXBuildFile section */
		7726348528589D870078F927 /* DetailEmployeeVC.swift in Sources */ = {isa = PBXBuildFile; fileRef = 7726348428589D870078F927 /* DetailEmployeeVC.swift */; };
		775794CC285788A3003C5D8D /* AddPhoneVC.swift in Sources */ = {isa = PBXBuildFile; fileRef = 775794CB285788A3003C5D8D /* AddPhoneVC.swift */; };
		775AB08C2850B71C0076036C /* AppDelegate.swift in Sources */ = {isa = PBXBuildFile; fileRef = 775AB08B2850B71C0076036C /* AppDelegate.swift */; };
		775AB08E2850B71C0076036C /* SceneDelegate.swift in Sources */ = {isa = PBXBuildFile; fileRef = 775AB08D2850B71C0076036C /* SceneDelegate.swift */; };
		775AB0902850B71C0076036C /* FirmVC.swift in Sources */ = {isa = PBXBuildFile; fileRef = 775AB08F2850B71C0076036C /* FirmVC.swift */; };
		775AB0932850B71C0076036C /* Main.storyboard in Resources */ = {isa = PBXBuildFile; fileRef = 775AB0912850B71C0076036C /* Main.storyboard */; };
		775AB0952850B71D0076036C /* Assets.xcassets in Resources */ = {isa = PBXBuildFile; fileRef = 775AB0942850B71D0076036C /* Assets.xcassets */; };
		775AB0982850B71D0076036C /* LaunchScreen.storyboard in Resources */ = {isa = PBXBuildFile; fileRef = 775AB0962850B71D0076036C /* LaunchScreen.storyboard */; };
		775AB0A52850B91E0076036C /* FirmMain.swift in Sources */ = {isa = PBXBuildFile; fileRef = 775AB0A42850B91E0076036C /* FirmMain.swift */; };
		775AB0A72850B9420076036C /* Employee.swift in Sources */ = {isa = PBXBuildFile; fileRef = 775AB0A62850B9420076036C /* Employee.swift */; };
		775AB0A92850B9660076036C /* Phone.swift in Sources */ = {isa = PBXBuildFile; fileRef = 775AB0A82850B9650076036C /* Phone.swift */; };
		775AB0AF2850BC760076036C /* PhoneVC.swift in Sources */ = {isa = PBXBuildFile; fileRef = 775AB0AE2850BC760076036C /* PhoneVC.swift */; };
		775AB0D42853CC420076036C /* FirmApi.swift in Sources */ = {isa = PBXBuildFile; fileRef = 775AB0D32853CC420076036C /* FirmApi.swift */; };
		775AB0D72853D0F00076036C /* InMemoryFirmApiImplementation.swift in Sources */ = {isa = PBXBuildFile; fileRef = 775AB0D62853D0F00076036C /* InMemoryFirmApiImplementation.swift */; };
		775AB0D92853D1EB0076036C /* FirmService.swift in Sources */ = {isa = PBXBuildFile; fileRef = 775AB0D82853D1EB0076036C /* FirmService.swift */; };
		775AB0DD285498F30076036C /* Position.swift in Sources */ = {isa = PBXBuildFile; fileRef = 775AB0DC285498F30076036C /* Position.swift */; };
		775AB0DF2854A12B0076036C /* DataContainer.swift in Sources */ = {isa = PBXBuildFile; fileRef = 775AB0DE2854A12B0076036C /* DataContainer.swift */; };
		776E6902285645AA00ABF1EC /* DependencyInjectionContainer.swift in Sources */ = {isa = PBXBuildFile; fileRef = 776E6901285645AA00ABF1EC /* DependencyInjectionContainer.swift */; };
		7770491928561D01005CCE05 /* AddEmployeeVC.swift in Sources */ = {isa = PBXBuildFile; fileRef = 7770491828561D01005CCE05 /* AddEmployeeVC.swift */; };
/* End PBXBuildFile section */

/* Begin PBXFileReference section */
		7726348428589D870078F927 /* DetailEmployeeVC.swift */ = {isa = PBXFileReference; lastKnownFileType = sourcecode.swift; path = DetailEmployeeVC.swift; sourceTree = "<group>"; };
		775794CB285788A3003C5D8D /* AddPhoneVC.swift */ = {isa = PBXFileReference; lastKnownFileType = sourcecode.swift; path = AddPhoneVC.swift; sourceTree = "<group>"; };
		775AB0882850B71C0076036C /* Firm.app */ = {isa = PBXFileReference; explicitFileType = wrapper.application; includeInIndex = 0; path = Firm.app; sourceTree = BUILT_PRODUCTS_DIR; };
		775AB08B2850B71C0076036C /* AppDelegate.swift */ = {isa = PBXFileReference; lastKnownFileType = sourcecode.swift; path = AppDelegate.swift; sourceTree = "<group>"; };
		775AB08D2850B71C0076036C /* SceneDelegate.swift */ = {isa = PBXFileReference; lastKnownFileType = sourcecode.swift; path = SceneDelegate.swift; sourceTree = "<group>"; };
		775AB08F2850B71C0076036C /* FirmVC.swift */ = {isa = PBXFileReference; lastKnownFileType = sourcecode.swift; path = FirmVC.swift; sourceTree = "<group>"; };
		775AB0922850B71C0076036C /* Base */ = {isa = PBXFileReference; lastKnownFileType = file.storyboard; name = Base; path = Base.lproj/Main.storyboard; sourceTree = "<group>"; };
		775AB0942850B71D0076036C /* Assets.xcassets */ = {isa = PBXFileReference; lastKnownFileType = folder.assetcatalog; path = Assets.xcassets; sourceTree = "<group>"; };
		775AB0972850B71D0076036C /* Base */ = {isa = PBXFileReference; lastKnownFileType = file.storyboard; name = Base; path = Base.lproj/LaunchScreen.storyboard; sourceTree = "<group>"; };
		775AB0992850B71D0076036C /* Info.plist */ = {isa = PBXFileReference; lastKnownFileType = text.plist.xml; path = Info.plist; sourceTree = "<group>"; };
		775AB0A42850B91E0076036C /* FirmMain.swift */ = {isa = PBXFileReference; lastKnownFileType = sourcecode.swift; path = FirmMain.swift; sourceTree = "<group>"; };
		775AB0A62850B9420076036C /* Employee.swift */ = {isa = PBXFileReference; lastKnownFileType = sourcecode.swift; path = Employee.swift; sourceTree = "<group>"; };
		775AB0A82850B9650076036C /* Phone.swift */ = {isa = PBXFileReference; lastKnownFileType = sourcecode.swift; path = Phone.swift; sourceTree = "<group>"; };
		775AB0AE2850BC760076036C /* PhoneVC.swift */ = {isa = PBXFileReference; lastKnownFileType = sourcecode.swift; path = PhoneVC.swift; sourceTree = "<group>"; };
		775AB0D32853CC420076036C /* FirmApi.swift */ = {isa = PBXFileReference; lastKnownFileType = sourcecode.swift; path = FirmApi.swift; sourceTree = "<group>"; };
		775AB0D62853D0F00076036C /* InMemoryFirmApiImplementation.swift */ = {isa = PBXFileReference; lastKnownFileType = sourcecode.swift; path = InMemoryFirmApiImplementation.swift; sourceTree = "<group>"; };
		775AB0D82853D1EB0076036C /* FirmService.swift */ = {isa = PBXFileReference; lastKnownFileType = sourcecode.swift; path = FirmService.swift; sourceTree = "<group>"; };
		775AB0DC285498F30076036C /* Position.swift */ = {isa = PBXFileReference; lastKnownFileType = sourcecode.swift; path = Position.swift; sourceTree = "<group>"; };
		775AB0DE2854A12B0076036C /* DataContainer.swift */ = {isa = PBXFileReference; lastKnownFileType = sourcecode.swift; path = DataContainer.swift; sourceTree = "<group>"; };
		776E6901285645AA00ABF1EC /* DependencyInjectionContainer.swift */ = {isa = PBXFileReference; lastKnownFileType = sourcecode.swift; path = DependencyInjectionContainer.swift; sourceTree = "<group>"; };
		7770491828561D01005CCE05 /* AddEmployeeVC.swift */ = {isa = PBXFileReference; lastKnownFileType = sourcecode.swift; path = AddEmployeeVC.swift; sourceTree = "<group>"; };
/* End PBXFileReference section */

/* Begin PBXFrameworksBuildPhase section */
		775AB0852850B71C0076036C /* Frameworks */ = {
			isa = PBXFrameworksBuildPhase;
			buildActionMask = 2147483647;
			files = (
			);
			runOnlyForDeploymentPostprocessing = 0;
		};
/* End PBXFrameworksBuildPhase section */

/* Begin PBXGroup section */
		775AB07F2850B71C0076036C = {
			isa = PBXGroup;
			children = (
				775AB08A2850B71C0076036C /* Firm */,
				775AB0892850B71C0076036C /* Products */,
			);
			sourceTree = "<group>";
		};
		775AB0892850B71C0076036C /* Products */ = {
			isa = PBXGroup;
			children = (
				775AB0882850B71C0076036C /* Firm.app */,
			);
			name = Products;
			sourceTree = "<group>";
		};
		775AB08A2850B71C0076036C /* Firm */ = {
			isa = PBXGroup;
			children = (
				775AB0D52853D0B10076036C /* Mock */,
				775AB0D22853CBEC0076036C /* Domain */,
				775AB0A32850B85F0076036C /* Model */,
				775AB0A12850B7EE0076036C /* ViewController */,
				775AB0A22850B7FC0076036C /* View */,
				775AB08B2850B71C0076036C /* AppDelegate.swift */,
				775AB08D2850B71C0076036C /* SceneDelegate.swift */,
				775AB09F2850B7D10076036C /* Services */,
				775AB0942850B71D0076036C /* Assets.xcassets */,
				775AB0992850B71D0076036C /* Info.plist */,
			);
			path = Firm;
			sourceTree = "<group>";
		};
		775AB09F2850B7D10076036C /* Services */ = {
			isa = PBXGroup;
			children = (
				775AB0D82853D1EB0076036C /* FirmService.swift */,
			);
			path = Services;
			sourceTree = "<group>";
		};
		775AB0A12850B7EE0076036C /* ViewController */ = {
			isa = PBXGroup;
			children = (
				775AB08F2850B71C0076036C /* FirmVC.swift */,
				775AB0AE2850BC760076036C /* PhoneVC.swift */,
				7770491828561D01005CCE05 /* AddEmployeeVC.swift */,
				7726348428589D870078F927 /* DetailEmployeeVC.swift */,
				775794CB285788A3003C5D8D /* AddPhoneVC.swift */,
				776E6901285645AA00ABF1EC /* DependencyInjectionContainer.swift */,
				775AB0DE2854A12B0076036C /* DataContainer.swift */,
			);
			path = ViewController;
			sourceTree = "<group>";
		};
		775AB0A22850B7FC0076036C /* View */ = {
			isa = PBXGroup;
			children = (
				775AB0912850B71C0076036C /* Main.storyboard */,
				775AB0962850B71D0076036C /* LaunchScreen.storyboard */,
			);
			path = View;
			sourceTree = "<group>";
		};
		775AB0A32850B85F0076036C /* Model */ = {
			isa = PBXGroup;
			children = (
				775AB0A42850B91E0076036C /* FirmMain.swift */,
				775AB0A62850B9420076036C /* Employee.swift */,
				775AB0A82850B9650076036C /* Phone.swift */,
				775AB0DC285498F30076036C /* Position.swift */,
			);
			path = Model;
			sourceTree = "<group>";
		};
		775AB0D22853CBEC0076036C /* Domain */ = {
			isa = PBXGroup;
			children = (
				775AB0D32853CC420076036C /* FirmApi.swift */,
			);
			path = Domain;
			sourceTree = "<group>";
		};
		775AB0D52853D0B10076036C /* Mock */ = {
			isa = PBXGroup;
			children = (
				775AB0D62853D0F00076036C /* InMemoryFirmApiImplementation.swift */,
			);
			path = Mock;
			sourceTree = "<group>";
		};
/* End PBXGroup section */

/* Begin PBXNativeTarget section */
		775AB0872850B71C0076036C /* Firm */ = {
			isa = PBXNativeTarget;
			buildConfigurationList = 775AB09C2850B71D0076036C /* Build configuration list for PBXNativeTarget "Firm" */;
			buildPhases = (
				775AB0842850B71C0076036C /* Sources */,
				775AB0852850B71C0076036C /* Frameworks */,
				775AB0862850B71C0076036C /* Resources */,
			);
			buildRules = (
			);
			dependencies = (
			);
			name = Firm;
			productName = Firm;
			productReference = 775AB0882850B71C0076036C /* Firm.app */;
			productType = "com.apple.product-type.application";
		};
/* End PBXNativeTarget section */

/* Begin PBXProject section */
		775AB0802850B71C0076036C /* Project object */ = {
			isa = PBXProject;
			attributes = {
				BuildIndependentTargetsInParallel = 1;
				LastSwiftUpdateCheck = 1340;
				LastUpgradeCheck = 1340;
				TargetAttributes = {
					775AB0872850B71C0076036C = {
						CreatedOnToolsVersion = 13.4.1;
					};
				};
			};
			buildConfigurationList = 775AB0832850B71C0076036C /* Build configuration list for PBXProject "Firm" */;
			compatibilityVersion = "Xcode 13.0";
			developmentRegion = en;
			hasScannedForEncodings = 0;
			knownRegions = (
				en,
				Base,
			);
			mainGroup = 775AB07F2850B71C0076036C;
			productRefGroup = 775AB0892850B71C0076036C /* Products */;
			projectDirPath = "";
			projectRoot = "";
			targets = (
				775AB0872850B71C0076036C /* Firm */,
			);
		};
/* End PBXProject section */

/* Begin PBXResourcesBuildPhase section */
		775AB0862850B71C0076036C /* Resources */ = {
			isa = PBXResourcesBuildPhase;
			buildActionMask = 2147483647;
			files = (
				775AB0982850B71D0076036C /* LaunchScreen.storyboard in Resources */,
				775AB0952850B71D0076036C /* Assets.xcassets in Resources */,
				775AB0932850B71C0076036C /* Main.storyboard in Resources */,
			);
			runOnlyForDeploymentPostprocessing = 0;
		};
/* End PBXResourcesBuildPhase section */

/* Begin PBXSourcesBuildPhase section */
		775AB0842850B71C0076036C /* Sources */ = {
			isa = PBXSourcesBuildPhase;
			buildActionMask = 2147483647;
			files = (
				7726348528589D870078F927 /* DetailEmployeeVC.swift in Sources */,
				775AB0DD285498F30076036C /* Position.swift in Sources */,
				775AB0A52850B91E0076036C /* FirmMain.swift in Sources */,
				775AB0D42853CC420076036C /* FirmApi.swift in Sources */,
				775AB0902850B71C0076036C /* FirmVC.swift in Sources */,
				775AB08C2850B71C0076036C /* AppDelegate.swift in Sources */,
				775AB0D92853D1EB0076036C /* FirmService.swift in Sources */,
				7770491928561D01005CCE05 /* AddEmployeeVC.swift in Sources */,
				775AB0A72850B9420076036C /* Employee.swift in Sources */,
				775794CC285788A3003C5D8D /* AddPhoneVC.swift in Sources */,
				775AB0A92850B9660076036C /* Phone.swift in Sources */,
				775AB0D72853D0F00076036C /* InMemoryFirmApiImplementation.swift in Sources */,
				775AB0DF2854A12B0076036C /* DataContainer.swift in Sources */,
				775AB0AF2850BC760076036C /* PhoneVC.swift in Sources */,
				775AB08E2850B71C0076036C /* SceneDelegate.swift in Sources */,
				776E6902285645AA00ABF1EC /* DependencyInjectionContainer.swift in Sources */,
			);
			runOnlyForDeploymentPostprocessing = 0;
		};
/* End PBXSourcesBuildPhase section */

/* Begin PBXVariantGroup section */
		775AB0912850B71C0076036C /* Main.storyboard */ = {
			isa = PBXVariantGroup;
			children = (
				775AB0922850B71C0076036C /* Base */,
			);
			name = Main.storyboard;
			sourceTree = "<group>";
		};
		775AB0962850B71D0076036C /* LaunchScreen.storyboard */ = {
			isa = PBXVariantGroup;
			children = (
				775AB0972850B71D0076036C /* Base */,
			);
			name = LaunchScreen.storyboard;
			sourceTree = "<group>";
		};
/* End PBXVariantGroup section */

/* Begin XCBuildConfiguration section */
		775AB09A2850B71D0076036C /* Debug */ = {
			isa = XCBuildConfiguration;
			buildSettings = {
				ALWAYS_SEARCH_USER_PATHS = NO;
				CLANG_ANALYZER_NONNULL = YES;
				CLANG_ANALYZER_NUMBER_OBJECT_CONVERSION = YES_AGGRESSIVE;
				CLANG_CXX_LANGUAGE_STANDARD = "gnu++17";
				CLANG_ENABLE_MODULES = YES;
				CLANG_ENABLE_OBJC_ARC = YES;
				CLANG_ENABLE_OBJC_WEAK = YES;
				CLANG_WARN_BLOCK_CAPTURE_AUTORELEASING = YES;
				CLANG_WARN_BOOL_CONVERSION = YES;
				CLANG_WARN_COMMA = YES;
				CLANG_WARN_CONSTANT_CONVERSION = YES;
				CLANG_WARN_DEPRECATED_OBJC_IMPLEMENTATIONS = YES;
				CLANG_WARN_DIRECT_OBJC_ISA_USAGE = YES_ERROR;
				CLANG_WARN_DOCUMENTATION_COMMENTS = YES;
				CLANG_WARN_EMPTY_BODY = YES;
				CLANG_WARN_ENUM_CONVERSION = YES;
				CLANG_WARN_INFINITE_RECURSION = YES;
				CLANG_WARN_INT_CONVERSION = YES;
				CLANG_WARN_NON_LITERAL_NULL_CONVERSION = YES;
				CLANG_WARN_OBJC_IMPLICIT_RETAIN_SELF = YES;
				CLANG_WARN_OBJC_LITERAL_CONVERSION = YES;
				CLANG_WARN_OBJC_ROOT_CLASS = YES_ERROR;
				CLANG_WARN_QUOTED_INCLUDE_IN_FRAMEWORK_HEADER = YES;
				CLANG_WARN_RANGE_LOOP_ANALYSIS = YES;
				CLANG_WARN_STRICT_PROTOTYPES = YES;
				CLANG_WARN_SUSPICIOUS_MOVE = YES;
				CLANG_WARN_UNGUARDED_AVAILABILITY = YES_AGGRESSIVE;
				CLANG_WARN_UNREACHABLE_CODE = YES;
				CLANG_WARN__DUPLICATE_METHOD_MATCH = YES;
				COPY_PHASE_STRIP = NO;
				DEBUG_INFORMATION_FORMAT = dwarf;
				ENABLE_STRICT_OBJC_MSGSEND = YES;
				ENABLE_TESTABILITY = YES;
				GCC_C_LANGUAGE_STANDARD = gnu11;
				GCC_DYNAMIC_NO_PIC = NO;
				GCC_NO_COMMON_BLOCKS = YES;
				GCC_OPTIMIZATION_LEVEL = 0;
				GCC_PREPROCESSOR_DEFINITIONS = (
					"DEBUG=1",
					"$(inherited)",
				);
				GCC_WARN_64_TO_32_BIT_CONVERSION = YES;
				GCC_WARN_ABOUT_RETURN_TYPE = YES_ERROR;
				GCC_WARN_UNDECLARED_SELECTOR = YES;
				GCC_WARN_UNINITIALIZED_AUTOS = YES_AGGRESSIVE;
				GCC_WARN_UNUSED_FUNCTION = YES;
				GCC_WARN_UNUSED_VARIABLE = YES;
				IPHONEOS_DEPLOYMENT_TARGET = 15.5;
				MTL_ENABLE_DEBUG_INFO = INCLUDE_SOURCE;
				MTL_FAST_MATH = YES;
				ONLY_ACTIVE_ARCH = YES;
				SDKROOT = iphoneos;
				SWIFT_ACTIVE_COMPILATION_CONDITIONS = DEBUG;
				SWIFT_OPTIMIZATION_LEVEL = "-Onone";
			};
			name = Debug;
		};
		775AB09B2850B71D0076036C /* Release */ = {
			isa = XCBuildConfiguration;
			buildSettings = {
				ALWAYS_SEARCH_USER_PATHS = NO;
				CLANG_ANALYZER_NONNULL = YES;
				CLANG_ANALYZER_NUMBER_OBJECT_CONVERSION = YES_AGGRESSIVE;
				CLANG_CXX_LANGUAGE_STANDARD = "gnu++17";
				CLANG_ENABLE_MODULES = YES;
				CLANG_ENABLE_OBJC_ARC = YES;
				CLANG_ENABLE_OBJC_WEAK = YES;
				CLANG_WARN_BLOCK_CAPTURE_AUTORELEASING = YES;
				CLANG_WARN_BOOL_CONVERSION = YES;
				CLANG_WARN_COMMA = YES;
				CLANG_WARN_CONSTANT_CONVERSION = YES;
				CLANG_WARN_DEPRECATED_OBJC_IMPLEMENTATIONS = YES;
				CLANG_WARN_DIRECT_OBJC_ISA_USAGE = YES_ERROR;
				CLANG_WARN_DOCUMENTATION_COMMENTS = YES;
				CLANG_WARN_EMPTY_BODY = YES;
				CLANG_WARN_ENUM_CONVERSION = YES;
				CLANG_WARN_INFINITE_RECURSION = YES;
				CLANG_WARN_INT_CONVERSION = YES;
				CLANG_WARN_NON_LITERAL_NULL_CONVERSION = YES;
				CLANG_WARN_OBJC_IMPLICIT_RETAIN_SELF = YES;
				CLANG_WARN_OBJC_LITERAL_CONVERSION = YES;
				CLANG_WARN_OBJC_ROOT_CLASS = YES_ERROR;
				CLANG_WARN_QUOTED_INCLUDE_IN_FRAMEWORK_HEADER = YES;
				CLANG_WARN_RANGE_LOOP_ANALYSIS = YES;
				CLANG_WARN_STRICT_PROTOTYPES = YES;
				CLANG_WARN_SUSPICIOUS_MOVE = YES;
				CLANG_WARN_UNGUARDED_AVAILABILITY = YES_AGGRESSIVE;
				CLANG_WARN_UNREACHABLE_CODE = YES;
				CLANG_WARN__DUPLICATE_METHOD_MATCH = YES;
				COPY_PHASE_STRIP = NO;
				DEBUG_INFORMATION_FORMAT = "dwarf-with-dsym";
				ENABLE_NS_ASSERTIONS = NO;
				ENABLE_STRICT_OBJC_MSGSEND = YES;
				GCC_C_LANGUAGE_STANDARD = gnu11;
				GCC_NO_COMMON_BLOCKS = YES;
				GCC_WARN_64_TO_32_BIT_CONVERSION = YES;
				GCC_WARN_ABOUT_RETURN_TYPE = YES_ERROR;
				GCC_WARN_UNDECLARED_SELECTOR = YES;
				GCC_WARN_UNINITIALIZED_AUTOS = YES_AGGRESSIVE;
				GCC_WARN_UNUSED_FUNCTION = YES;
				GCC_WARN_UNUSED_VARIABLE = YES;
				IPHONEOS_DEPLOYMENT_TARGET = 15.5;
				MTL_ENABLE_DEBUG_INFO = NO;
				MTL_FAST_MATH = YES;
				SDKROOT = iphoneos;
				SWIFT_COMPILATION_MODE = wholemodule;
				SWIFT_OPTIMIZATION_LEVEL = "-O";
				VALIDATE_PRODUCT = YES;
			};
			name = Release;
		};
		775AB09D2850B71D0076036C /* Debug */ = {
			isa = XCBuildConfiguration;
			buildSettings = {
				ASSETCATALOG_COMPILER_APPICON_NAME = AppIcon;
				ASSETCATALOG_COMPILER_GLOBAL_ACCENT_COLOR_NAME = AccentColor;
				CODE_SIGN_STYLE = Automatic;
				CURRENT_PROJECT_VERSION = 1;
				DEVELOPMENT_TEAM = DQP6JPK4R5;
				GENERATE_INFOPLIST_FILE = YES;
				INFOPLIST_FILE = Firm/Info.plist;
				INFOPLIST_KEY_UIApplicationSupportsIndirectInputEvents = YES;
				INFOPLIST_KEY_UILaunchStoryboardName = LaunchScreen;
				INFOPLIST_KEY_UIMainStoryboardFile = Main;
				INFOPLIST_KEY_UISupportedInterfaceOrientations_iPad = "UIInterfaceOrientationPortrait UIInterfaceOrientationPortraitUpsideDown UIInterfaceOrientationLandscapeLeft UIInterfaceOrientationLandscapeRight";
				INFOPLIST_KEY_UISupportedInterfaceOrientations_iPhone = "UIInterfaceOrientationPortrait UIInterfaceOrientationLandscapeLeft UIInterfaceOrientationLandscapeRight";
				IPHONEOS_DEPLOYMENT_TARGET = 15.5;
				LD_RUNPATH_SEARCH_PATHS = (
					"$(inherited)",
					"@executable_path/Frameworks",
				);
				MARKETING_VERSION = 1.0;
				PRODUCT_BUNDLE_IDENTIFIER = com.szostakmaciej.Firm;
				PRODUCT_NAME = "$(TARGET_NAME)";
				SWIFT_EMIT_LOC_STRINGS = YES;
				SWIFT_VERSION = 5.0;
				TARGETED_DEVICE_FAMILY = "1,2";
			};
			name = Debug;
		};
		775AB09E2850B71D0076036C /* Release */ = {
			isa = XCBuildConfiguration;
			buildSettings = {
				ASSETCATALOG_COMPILER_APPICON_NAME = AppIcon;
				ASSETCATALOG_COMPILER_GLOBAL_ACCENT_COLOR_NAME = AccentColor;
				CODE_SIGN_STYLE = Automatic;
				CURRENT_PROJECT_VERSION = 1;
				DEVELOPMENT_TEAM = DQP6JPK4R5;
				GENERATE_INFOPLIST_FILE = YES;
				INFOPLIST_FILE = Firm/Info.plist;
				INFOPLIST_KEY_UIApplicationSupportsIndirectInputEvents = YES;
				INFOPLIST_KEY_UILaunchStoryboardName = LaunchScreen;
				INFOPLIST_KEY_UIMainStoryboardFile = Main;
				INFOPLIST_KEY_UISupportedInterfaceOrientations_iPad = "UIInterfaceOrientationPortrait UIInterfaceOrientationPortraitUpsideDown UIInterfaceOrientationLandscapeLeft UIInterfaceOrientationLandscapeRight";
				INFOPLIST_KEY_UISupportedInterfaceOrientations_iPhone = "UIInterfaceOrientationPortrait UIInterfaceOrientationLandscapeLeft UIInterfaceOrientationLandscapeRight";
				IPHONEOS_DEPLOYMENT_TARGET = 15.5;
				LD_RUNPATH_SEARCH_PATHS = (
					"$(inherited)",
					"@executable_path/Frameworks",
				);
				MARKETING_VERSION = 1.0;
				PRODUCT_BUNDLE_IDENTIFIER = com.szostakmaciej.Firm;
				PRODUCT_NAME = "$(TARGET_NAME)";
				SWIFT_EMIT_LOC_STRINGS = YES;
				SWIFT_VERSION = 5.0;
				TARGETED_DEVICE_FAMILY = "1,2";
			};
			name = Release;
		};
/* End XCBuildConfiguration section */

/* Begin XCConfigurationList section */
		775AB0832850B71C0076036C /* Build configuration list for PBXProject "Firm" */ = {
			isa = XCConfigurationList;
			buildConfigurations = (
				775AB09A2850B71D0076036C /* Debug */,
				775AB09B2850B71D0076036C /* Release */,
			);
			defaultConfigurationIsVisible = 0;
			defaultConfigurationName = Release;
		};
		775AB09C2850B71D0076036C /* Build configuration list for PBXNativeTarget "Firm" */ = {
			isa = XCConfigurationList;
			buildConfigurations = (
				775AB09D2850B71D0076036C /* Debug */,
				775AB09E2850B71D0076036C /* Release */,
			);
			defaultConfigurationIsVisible = 0;
			defaultConfigurationName = Release;
		};
/* End XCConfigurationList section */
	};
	rootObject = 775AB0802850B71C0076036C /* Project object */;
}
